
Microsoft Visual Studio Solution File, Format Version 12.00
# Visual Studio Version 17
VisualStudioVersion = 17.0.31903.59
MinimumVisualStudioVersion = 10.0.40219.1
Project("{2150E333-8FDC-42A3-9474-1A3956D46DE8}") = "src", "src", "{F3511A94-8F52-43F0-9118-A261257BE7C2}"
EndProject
Project("{FAE04EC0-301F-11D3-BF4B-00C04F79EFBC}") = "CpuZ80.Core", "src\CpuZ80.Core\CpuZ80.Core.csproj", "{91C769B2-4F05-4F79-A424-DBF818E52309}"
EndProject
Project("{2150E333-8FDC-42A3-9474-1A3956D46DE8}") = "tests", "tests", "{E7A42B7E-FA39-4DC1-88A4-D526844DA705}"
EndProject
Project("{FAE04EC0-301F-11D3-BF4B-00C04F79EFBC}") = "CpuZ80.Tests", "tests\CpuZ80.Tests\CpuZ80.Tests.csproj", "{95EACC14-A90B-44C5-847C-76F666913325}"
EndProject
Project("{FAE04EC0-301F-11D3-BF4B-00C04F79EFBC}") = "Machines.Common", "src\Machines.Common\Machines.Common.csproj", "{22295CE4-A475-47CD-A0EF-CF8C1A1DF9FA}"
EndProject
Project("{FAE04EC0-301F-11D3-BF4B-00C04F79EFBC}") = "Machines.Zx80", "src\Machines.Zx80\Machines.Zx80.csproj", "{D6FEF35E-4A50-423A-ABAE-55116574551D}"
EndProject
Project("{FAE04EC0-301F-11D3-BF4B-00C04F79EFBC}") = "Machines.Zx80.Tests", "tests\Machines.Zx80.Tests\Machines.Zx80.Tests.csproj", "{A8313D42-8204-41C8-96BE-9335682768AF}"
EndProject
Project("{FAE04EC0-301F-11D3-BF4B-00C04F79EFBC}") = "Adapters.Raylib", "src\Adapters.Raylib\Adapters.Raylib.csproj", "{AFD9D9DE-414C-4E8C-91CE-99B3A0572BFC}"
EndProject
Project("{FAE04EC0-301F-11D3-BF4B-00C04F79EFBC}") = "Host.Zx80", "src\Host.Zx80\Host.Zx80.csproj", "{E78822ED-5CBC-4C8A-A66A-53889BC9007F}"
EndProject
Project("{FAE04EC0-301F-11D3-BF4B-00C04F79EFBC}") = "CpuZ80.CodeGen", "src\CpuZ80.CodeGen\CpuZ80.CodeGen.csproj", "{A7464395-EE68-488F-918C-16F15614706C}"
EndProject
Project("{FAE04EC0-301F-11D3-BF4B-00C04F79EFBC}") = "CpuZ80.Exerciser", "tests\CpuZ80.Exerciser\CpuZ80.Exerciser.csproj", "{5B274879-2397-4C7A-A054-437C0DAA1152}"
EndProject
Project("{FAE04EC0-301F-11D3-BF4B-00C04F79EFBC}") = "Machines.Zx81", "src\Machines.Zx81\Machines.Zx81.csproj", "{3A5BB03A-2464-4AC4-B6AA-035E63A231BF}"
EndProject
Project("{FAE04EC0-301F-11D3-BF4B-00C04F79EFBC}") = "Machines.Zx81.Tests", "tests\Machines.Zx81.Tests\Machines.Zx81.Tests.csproj", "{DD7E5DAD-CED1-42D1-BB8A-931CDC97E66B}"
EndProject
Project("{FAE04EC0-301F-11D3-BF4B-00C04F79EFBC}") = "Machines.Sinclair.Common", "src\Machines.Sinclair.Common\Machines.Sinclair.Common.csproj", "{A6154AC8-5388-4A2A-861A-027E2FEA361D}"
EndProject
Project("{FAE04EC0-301F-11D3-BF4B-00C04F79EFBC}") = "Machines.ZxSpectrum", "src\Machines.ZxSpectrum\Machines.ZxSpectrum.csproj", "{06DB5523-20E5-4082-9959-E0C2F961558E}"
EndProject
Project("{FAE04EC0-301F-11D3-BF4B-00C04F79EFBC}") = "Machines.ZxSpectrum.Tests", "tests\Machines.ZxSpectrum.Tests\Machines.ZxSpectrum.Tests.csproj", "{382A1066-95F7-4026-95AA-B72B376285F5}"
EndProject
Project("{FAE04EC0-301F-11D3-BF4B-00C04F79EFBC}") = "Host.Zx81", "src\Host.Zx81\Host.Zx81.csproj", "{F8A22F9A-4152-4F03-9409-59A7AB41192A}"
EndProject
Project("{FAE04EC0-301F-11D3-BF4B-00C04F79EFBC}") = "Host.ZxSpectrum", "src\Host.ZxSpectrum\Host.ZxSpectrum.csproj", "{08F62D33-12F2-4BF7-A575-66701A340DFD}"
EndProject
Project("{FAE04EC0-301F-11D3-BF4B-00C04F79EFBC}") = "CpuZ80.Benchmarks", "tests\CpuZ80.Benchmarks\CpuZ80.Benchmarks.csproj", "{E587CB8F-617D-40C2-8F0F-E22E45406DA8}"
EndProject
Project("{FAE04EC0-301F-11D3-BF4B-00C04F79EFBC}") = "Machines.ZxSpectrum128", "src\Machines.ZxSpectrum128\Machines.ZxSpectrum128.csproj", "{89A95D15-2D31-4F26-BEAB-98341D1BD7A2}"
EndProject
Project("{FAE04EC0-301F-11D3-BF4B-00C04F79EFBC}") = "Machines.ZxSpectrum128.Tests", "tests\Machines.ZxSpectrum128.Tests\Machines.ZxSpectrum128.Tests.csproj", "{7F0AD0AC-18C8-4E4B-877A-97AFD5BE481C}"
EndProject
Global
	GlobalSection(SolutionConfigurationPlatforms) = preSolution
		Debug|Any CPU = Debug|Any CPU
		Release|Any CPU = Release|Any CPU
	EndGlobalSection
	GlobalSection(SolutionProperties) = preSolution
		HideSolutionNode = FALSE
	EndGlobalSection
	GlobalSection(ProjectConfigurationPlatforms) = postSolution
		{91C769B2-4F05-4F79-A424-DBF818E52309}.Debug|Any CPU.ActiveCfg = Debug|Any CPU
		{91C769B2-4F05-4F79-A424-DBF818E52309}.Debug|Any CPU.Build.0 = Debug|Any CPU
		{91C769B2-4F05-4F79-A424-DBF818E52309}.Release|Any CPU.ActiveCfg = Release|Any CPU
		{91C769B2-4F05-4F79-A424-DBF818E52309}.Release|Any CPU.Build.0 = Release|Any CPU
		{95EACC14-A90B-44C5-847C-76F666913325}.Debug|Any CPU.ActiveCfg = Debug|Any CPU
		{95EACC14-A90B-44C5-847C-76F666913325}.Debug|Any CPU.Build.0 = Debug|Any CPU
		{95EACC14-A90B-44C5-847C-76F666913325}.Release|Any CPU.ActiveCfg = Release|Any CPU
		{95EACC14-A90B-44C5-847C-76F666913325}.Release|Any CPU.Build.0 = Release|Any CPU
		{22295CE4-A475-47CD-A0EF-CF8C1A1DF9FA}.Debug|Any CPU.ActiveCfg = Debug|Any CPU
		{22295CE4-A475-47CD-A0EF-CF8C1A1DF9FA}.Debug|Any CPU.Build.0 = Debug|Any CPU
		{22295CE4-A475-47CD-A0EF-CF8C1A1DF9FA}.Release|Any CPU.ActiveCfg = Release|Any CPU
		{22295CE4-A475-47CD-A0EF-CF8C1A1DF9FA}.Release|Any CPU.Build.0 = Release|Any CPU
		{D6FEF35E-4A50-423A-ABAE-55116574551D}.Debug|Any CPU.ActiveCfg = Debug|Any CPU
		{D6FEF35E-4A50-423A-ABAE-55116574551D}.Debug|Any CPU.Build.0 = Debug|Any CPU
		{D6FEF35E-4A50-423A-ABAE-55116574551D}.Release|Any CPU.ActiveCfg = Release|Any CPU
		{D6FEF35E-4A50-423A-ABAE-55116574551D}.Release|Any CPU.Build.0 = Release|Any CPU
		{A8313D42-8204-41C8-96BE-9335682768AF}.Debug|Any CPU.ActiveCfg = Debug|Any CPU
		{A8313D42-8204-41C8-96BE-9335682768AF}.Debug|Any CPU.Build.0 = Debug|Any CPU
		{A8313D42-8204-41C8-96BE-9335682768AF}.Release|Any CPU.ActiveCfg = Release|Any CPU
		{A8313D42-8204-41C8-96BE-9335682768AF}.Release|Any CPU.Build.0 = Release|Any CPU
		{AFD9D9DE-414C-4E8C-91CE-99B3A0572BFC}.Debug|Any CPU.ActiveCfg = Debug|Any CPU
		{AFD9D9DE-414C-4E8C-91CE-99B3A0572BFC}.Debug|Any CPU.Build.0 = Debug|Any CPU
		{AFD9D9DE-414C-4E8C-91CE-99B3A0572BFC}.Release|Any CPU.ActiveCfg = Release|Any CPU
		{AFD9D9DE-414C-4E8C-91CE-99B3A0572BFC}.Release|Any CPU.Build.0 = Release|Any CPU
		{E78822ED-5CBC-4C8A-A66A-53889BC9007F}.Debug|Any CPU.ActiveCfg = Debug|Any CPU
		{E78822ED-5CBC-4C8A-A66A-53889BC9007F}.Debug|Any CPU.Build.0 = Debug|Any CPU
		{E78822ED-5CBC-4C8A-A66A-53889BC9007F}.Release|Any CPU.ActiveCfg = Release|Any CPU
		{E78822ED-5CBC-4C8A-A66A-53889BC9007F}.Release|Any CPU.Build.0 = Release|Any CPU
		{A7464395-EE68-488F-918C-16F15614706C}.Debug|Any CPU.ActiveCfg = Debug|Any CPU
		{A7464395-EE68-488F-918C-16F15614706C}.Debug|Any CPU.Build.0 = Debug|Any CPU
		{A7464395-EE68-488F-918C-16F15614706C}.Release|Any CPU.ActiveCfg = Release|Any CPU
		{A7464395-EE68-488F-918C-16F15614706C}.Release|Any CPU.Build.0 = Release|Any CPU
		{5B274879-2397-4C7A-A054-437C0DAA1152}.Debug|Any CPU.ActiveCfg = Debug|Any CPU
		{5B274879-2397-4C7A-A054-437C0DAA1152}.Debug|Any CPU.Build.0 = Debug|Any CPU
		{5B274879-2397-4C7A-A054-437C0DAA1152}.Release|Any CPU.ActiveCfg = Release|Any CPU
		{5B274879-2397-4C7A-A054-437C0DAA1152}.Release|Any CPU.Build.0 = Release|Any CPU
		{3A5BB03A-2464-4AC4-B6AA-035E63A231BF}.Debug|Any CPU.ActiveCfg = Debug|Any CPU
		{3A5BB03A-2464-4AC4-B6AA-035E63A231BF}.Debug|Any CPU.Build.0 = Debug|Any CPU
		{3A5BB03A-2464-4AC4-B6AA-035E63A231BF}.Release|Any CPU.ActiveCfg = Release|Any CPU
		{3A5BB03A-2464-4AC4-B6AA-035E63A231BF}.Release|Any CPU.Build.0 = Release|Any CPU
		{DD7E5DAD-CED1-42D1-BB8A-931CDC97E66B}.Debug|Any CPU.ActiveCfg = Debug|Any CPU
		{DD7E5DAD-CED1-42D1-BB8A-931CDC97E66B}.Debug|Any CPU.Build.0 = Debug|Any CPU
		{DD7E5DAD-CED1-42D1-BB8A-931CDC97E66B}.Release|Any CPU.ActiveCfg = Release|Any CPU
		{DD7E5DAD-CED1-42D1-BB8A-931CDC97E66B}.Release|Any CPU.Build.0 = Release|Any CPU
		{A6154AC8-5388-4A2A-861A-027E2FEA361D}.Debug|Any CPU.ActiveCfg = Debug|Any CPU
		{A6154AC8-5388-4A2A-861A-027E2FEA361D}.Debug|Any CPU.Build.0 = Debug|Any CPU
		{A6154AC8-5388-4A2A-861A-027E2FEA361D}.Release|Any CPU.ActiveCfg = Release|Any CPU
		{A6154AC8-5388-4A2A-861A-027E2FEA361D}.Release|Any CPU.Build.0 = Release|Any CPU
		{06DB5523-20E5-4082-9959-E0C2F961558E}.Debug|Any CPU.ActiveCfg = Debug|Any CPU
		{06DB5523-20E5-4082-9959-E0C2F961558E}.Debug|Any CPU.Build.0 = Debug|Any CPU
		{06DB5523-20E5-4082-9959-E0C2F961558E}.Release|Any CPU.ActiveCfg = Release|Any CPU
		{06DB5523-20E5-4082-9959-E0C2F961558E}.Release|Any CPU.Build.0 = Release|Any CPU
		{382A1066-95F7-4026-95AA-B72B376285F5}.Debug|Any CPU.ActiveCfg = Debug|Any CPU
		{382A1066-95F7-4026-95AA-B72B376285F5}.Debug|Any CPU.Build.0 = Debug|Any CPU
		{382A1066-95F7-4026-95AA-B72B376285F5}.Release|Any CPU.ActiveCfg = Release|Any CPU
		{382A1066-95F7-4026-95AA-B72B376285F5}.Release|Any CPU.Build.0 = Release|Any CPU
		{F8A22F9A-4152-4F03-9409-59A7AB41192A}.Debug|Any CPU.ActiveCfg = Debug|Any CPU
		{F8A22F9A-4152-4F03-9409-59A7AB41192A}.Debug|Any CPU.Build.0 = Debug|Any CPU
		{F8A22F9A-4152-4F03-9409-59A7AB41192A}.Release|Any CPU.ActiveCfg = Release|Any CPU
		{F8A22F9A-4152-4F03-9409-59A7AB41192A}.Release|Any CPU.Build.0 = Release|Any CPU
		{08F62D33-12F2-4BF7-A575-66701A340DFD}.Debug|Any CPU.ActiveCfg = Debug|Any CPU
		{08F62D33-12F2-4BF7-A575-66701A340DFD}.Debug|Any CPU.Build.0 = Debug|Any CPU
		{08F62D33-12F2-4BF7-A575-66701A340DFD}.Release|Any CPU.ActiveCfg = Release|Any CPU
		{08F62D33-12F2-4BF7-A575-66701A340DFD}.Release|Any CPU.Build.0 = Release|Any CPU
		{E587CB8F-617D-40C2-8F0F-E22E45406DA8}.Debug|Any CPU.ActiveCfg = Debug|Any CPU
		{E587CB8F-617D-40C2-8F0F-E22E45406DA8}.Debug|Any CPU.Build.0 = Debug|Any CPU
		{E587CB8F-617D-40C2-8F0F-E22E45406DA8}.Release|Any CPU.ActiveCfg = Release|Any CPU
		{E587CB8F-617D-40C2-8F0F-E22E45406DA8}.Release|Any CPU.Build.0 = Release|Any CPU
		{89A95D15-2D31-4F26-BEAB-98341D1BD7A2}.Debug|Any CPU.ActiveCfg = Debug|Any CPU
		{89A95D15-2D31-4F26-BEAB-98341D1BD7A2}.Debug|Any CPU.Build.0 = Debug|Any CPU
		{89A95D15-2D31-4F26-BEAB-98341D1BD7A2}.Release|Any CPU.ActiveCfg = Release|Any CPU
		{89A95D15-2D31-4F26-BEAB-98341D1BD7A2}.Release|Any CPU.Build.0 = Release|Any CPU
		{7F0AD0AC-18C8-4E4B-877A-97AFD5BE481C}.Debug|Any CPU.ActiveCfg = Debug|Any CPU
		{7F0AD0AC-18C8-4E4B-877A-97AFD5BE481C}.Debug|Any CPU.Build.0 = Debug|Any CPU
		{7F0AD0AC-18C8-4E4B-877A-97AFD5BE481C}.Release|Any CPU.ActiveCfg = Release|Any CPU
		{7F0AD0AC-18C8-4E4B-877A-97AFD5BE481C}.Release|Any CPU.Build.0 = Release|Any CPU
	EndGlobalSection
	GlobalSection(NestedProjects) = preSolution
		{91C769B2-4F05-4F79-A424-DBF818E52309} = {F3511A94-8F52-43F0-9118-A261257BE7C2}
		{95EACC14-A90B-44C5-847C-76F666913325} = {E7A42B7E-FA39-4DC1-88A4-D526844DA705}
		{22295CE4-A475-47CD-A0EF-CF8C1A1DF9FA} = {F3511A94-8F52-43F0-9118-A261257BE7C2}
		{D6FEF35E-4A50-423A-ABAE-55116574551D} = {F3511A94-8F52-43F0-9118-A261257BE7C2}
		{A8313D42-8204-41C8-96BE-9335682768AF} = {E7A42B7E-FA39-4DC1-88A4-D526844DA705}
		{AFD9D9DE-414C-4E8C-91CE-99B3A0572BFC} = {F3511A94-8F52-43F0-9118-A261257BE7C2}
		{E78822ED-5CBC-4C8A-A66A-53889BC9007F} = {F3511A94-8F52-43F0-9118-A261257BE7C2}
		{A7464395-EE68-488F-918C-16F15614706C} = {F3511A94-8F52-43F0-9118-A261257BE7C2}
		{5B274879-2397-4C7A-A054-437C0DAA1152} = {E7A42B7E-FA39-4DC1-88A4-D526844DA705}
		{3A5BB03A-2464-4AC4-B6AA-035E63A231BF} = {F3511A94-8F52-43F0-9118-A261257BE7C2}
		{DD7E5DAD-CED1-42D1-BB8A-931CDC97E66B} = {E7A42B7E-FA39-4DC1-88A4-D526844DA705}
		{A6154AC8-5388-4A2A-861A-027E2FEA361D} = {F3511A94-8F52-43F0-9118-A261257BE7C2}
		{06DB5523-20E5-4082-9959-E0C2F961558E} = {F3511A94-8F52-43F0-9118-A261257BE7C2}
		{382A1066-95F7-4026-95AA-B72B376285F5} = {E7A42B7E-FA39-4DC1-88A4-D526844DA705}
		{F8A22F9A-4152-4F03-9409-59A7AB41192A} = {F3511A94-8F52-43F0-9118-A261257BE7C2}
		{08F62D33-12F2-4BF7-A575-66701A340DFD} = {F3511A94-8F52-43F0-9118-A261257BE7C2}
		{E587CB8F-617D-40C2-8F0F-E22E45406DA8} = {E7A42B7E-FA39-4DC1-88A4-D526844DA705}
		{89A95D15-2D31-4F26-BEAB-98341D1BD7A2} = {F3511A94-8F52-43F0-9118-A261257BE7C2}
		{7F0AD0AC-18C8-4E4B-877A-97AFD5BE481C} = {E7A42B7E-FA39-4DC1-88A4-D526844DA705}
	EndGlobalSection
EndGlobal
